<?xml version="1.0" encoding="utf-8"?>
<Project ToolsVersion="4.0" xmlns="http://schemas.microsoft.com/developer/msbuild/2003">
  <ItemGroup>
    <Filter Include="Framework">
      <UniqueIdentifier>{b7eaec4d-ebfe-48d7-90b8-1b1d6bc99e04}</UniqueIdentifier>
    </Filter>
    <Filter Include="GameCode">
      <UniqueIdentifier>{a8f659a9-2be7-4b10-abb8-639870510620}</UniqueIdentifier>
    </Filter>
  </ItemGroup>
  <ItemGroup>
    <ClCompile Include="Framework\Animation.cpp">
      <Filter>Framework</Filter>
    </ClCompile>
    <ClCompile Include="Framework\AnimationSystem.cpp">
      <Filter>Framework</Filter>
    </ClCompile>
    <ClCompile Include="Framework\AssetManagercpp.cpp">
      <Filter>Framework</Filter>
    </ClCompile>
    <ClCompile Include="Framework\GameObject.cpp">
      <Filter>Framework</Filter>
    </ClCompile>
    <ClCompile Include="Framework\SpriteObject.cpp">
      <Filter>Framework</Filter>
    </ClCompile>
    <ClCompile Include="Framework\TextObject.cpp">
      <Filter>Framework</Filter>
    </ClCompile>
    <ClCompile Include="Box.cpp">
      <Filter>GameCode</Filter>
    </ClCompile>
    <ClCompile Include="GridObject.cpp">
      <Filter>GameCode</Filter>
    </ClCompile>
    <ClCompile Include="Level.cpp">
      <Filter>GameCode</Filter>
    </ClCompile>
    <ClCompile Include="Player.cpp">
      <Filter>GameCode</Filter>
    </ClCompile>
    <ClCompile Include="StorageObject.cpp">
      <Filter>GameCode</Filter>
    </ClCompile>
    <ClCompile Include="Wall.cpp">
      <Filter>GameCode</Filter>
    </ClCompile>
    <ClCompile Include="Main.cpp">
      <Filter>GameCode</Filter>
    </ClCompile>
  </ItemGroup>
  <ItemGroup>
    <ClInclude Include="Framework\Animation.h">
      <Filter>Framework</Filter>
    </ClInclude>
    <ClInclude Include="Framework\AnimationSystem.h">
      <Filter>Framework</Filter>
    </ClInclude>
    <ClInclude Include="Framework\AssetManager.h">
      <Filter>Framework</Filter>
    </ClInclude>
    <ClInclude Include="Framework\GameObject.h">
      <Filter>Framework</Filter>
    </ClInclude>
    <ClInclude Include="Framework\SpriteObject.h">
      <Filter>Framework</Filter>
    </ClInclude>
    <ClInclude Include="Framework\TextObject.h">
      <Filter>Framework</Filter>
    </ClInclude>
    <ClInclude Include="Box.h">
      <Filter>GameCode</Filter>
    </ClInclude>
    <ClInclude Include="GridObject.h">
      <Filter>GameCode</Filter>
    </ClInclude>
    <ClInclude Include="Level.h">
      <Filter>GameCode</Filter>
    </ClInclude>
    <ClInclude Include="Player.h">
      <Filter>GameCode</Filter>
    </ClInclude>
    <ClInclude Include="StorageObject.h">
      <Filter>GameCode</Filter>
    </ClInclude>
    <ClInclude Include="Wall.h">
      <Filter>GameCode</Filter>
    </ClInclude>
  </ItemGroup>
</Project>